
Microsoft Visual Studio Solution File, Format Version 12.00
# Visual Studio Version 16
VisualStudioVersion = 16.0.31613.86
MinimumVisualStudioVersion = 10.0.40219.1
Project("{FAE04EC0-301F-11D3-BF4B-00C04F79EFBC}") = "Grupo 3 Formulario MDI Menu", "Grupo 3 Formulario MDI Menu\Grupo 3 Formulario MDI Menu.csproj", "{816494FF-28CD-4E32-9612-ABAAFB6BAA75}"
EndProject
Global
	GlobalSection(SolutionConfigurationPlatforms) = preSolution
		Debug|Any CPU = Debug|Any CPU
		Release|Any CPU = Release|Any CPU
	EndGlobalSection
	GlobalSection(ProjectConfigurationPlatforms) = postSolution
		{816494FF-28CD-4E32-9612-ABAAFB6BAA75}.Debug|Any CPU.ActiveCfg = Debug|Any CPU
		{816494FF-28CD-4E32-9612-ABAAFB6BAA75}.Debug|Any CPU.Build.0 = Debug|Any CPU
		{816494FF-28CD-4E32-9612-ABAAFB6BAA75}.Release|Any CPU.ActiveCfg = Release|Any CPU
		{816494FF-28CD-4E32-9612-ABAAFB6BAA75}.Release|Any CPU.Build.0 = Release|Any CPU
	EndGlobalSection
	GlobalSection(SolutionProperties) = preSolution
		HideSolutionNode = FALSE
	EndGlobalSection
	GlobalSection(ExtensibilityGlobals) = postSolution
		SolutionGuid = {98DE1AC3-2B2E-4380-AB37-32E2D40B506D}
	EndGlobalSection
EndGlobal
